// !$*UTF8*$!
{
	archiveVersion = 1;
	classes = {
	};
	objectVersion = 56;
	objects = {

/* Begin PBXBuildFile section */
		A00000000000000000000110 /* AppIcon.icon in Resources */ = {isa = PBXBuildFile; fileRef = A00000000000000000000072 /* AppIcon.icon */; };
		A00000000000000000000101 /* AppHistoryPageView.swift in Sources */ = {isa = PBXBuildFile; fileRef = A00000000000000000000001 /* AppHistoryPageView.swift */; };
		A00000000000000000000102 /* Charts.swift in Sources */ = {isa = PBXBuildFile; fileRef = A00000000000000000000002 /* Charts.swift */; };
		A00000000000000000000103 /* DetailsPageView.swift in Sources */ = {isa = PBXBuildFile; fileRef = A00000000000000000000003 /* DetailsPageView.swift */; };
		A00000000000000000000104 /* MacOSTSKMGRApp.swift in Sources */ = {isa = PBXBuildFile; fileRef = A00000000000000000000004 /* MacOSTSKMGRApp.swift */; };
		A00000000000000000000105 /* Models.swift in Sources */ = {isa = PBXBuildFile; fileRef = A00000000000000000000005 /* Models.swift */; };
		A00000000000000000000106 /* PerformancePageView.swift in Sources */ = {isa = PBXBuildFile; fileRef = A00000000000000000000006 /* PerformancePageView.swift */; };
		A00000000000000000000107 /* ProcessesPageView.swift in Sources */ = {isa = PBXBuildFile; fileRef = A00000000000000000000007 /* ProcessesPageView.swift */; };
		A00000000000000000000108 /* RootWindowView.swift in Sources */ = {isa = PBXBuildFile; fileRef = A00000000000000000000008 /* RootWindowView.swift */; };
		A00000000000000000000109 /* ServicesPageView.swift in Sources */ = {isa = PBXBuildFile; fileRef = A00000000000000000000009 /* ServicesPageView.swift */; };
		A0000000000000000000010A /* StartupPageView.swift in Sources */ = {isa = PBXBuildFile; fileRef = A0000000000000000000000A /* StartupPageView.swift */; };
		A0000000000000000000010B /* SystemMonitor.swift in Sources */ = {isa = PBXBuildFile; fileRef = A0000000000000000000000B /* SystemMonitor.swift */; };
		A0000000000000000000010C /* Theme.swift in Sources */ = {isa = PBXBuildFile; fileRef = A0000000000000000000000C /* Theme.swift */; };
		A0000000000000000000010D /* UsersPageView.swift in Sources */ = {isa = PBXBuildFile; fileRef = A0000000000000000000000D /* UsersPageView.swift */; };
		A0000000000000000000010E /* VisualEffects.swift in Sources */ = {isa = PBXBuildFile; fileRef = A0000000000000000000000E /* VisualEffects.swift */; };
		B00000000000000000000003 /* MetricsKit in Frameworks */ = {isa = PBXBuildFile; productRef = B00000000000000000000002 /* MetricsKit */; };
			A0000000000000000000010F /* MetricTable.swift in Sources */ = {isa = PBXBuildFile; fileRef = A0000000000000000000000F /* MetricTable.swift */; };
		A000000000000000000001D1 /* ProcessContextMenu.swift in Sources */ = {isa = PBXBuildFile; fileRef = A000000000000000000000D1 /* ProcessContextMenu.swift */; };
		A000000000000000000001D2 /* RowFormatters.swift in Sources */ = {isa = PBXBuildFile; fileRef = A000000000000000000000D2 /* RowFormatters.swift */; };
		A000000000000000000001D3 /* FinderInfo.swift in Sources */ = {isa = PBXBuildFile; fileRef = A000000000000000000000D3 /* FinderInfo.swift */; };
		A000000000000000000001D4 /* BatteryProbe.swift in Sources */ = {isa = PBXBuildFile; fileRef = A000000000000000000000D4 /* BatteryProbe.swift */; };
		A000000000000000000001D5 /* SearchField.swift in Sources */ = {isa = PBXBuildFile; fileRef = A000000000000000000000D5 /* SearchField.swift */; };
/* End PBXBuildFile section */

/* Begin PBXFileReference section */
		A00000000000000000000072 /* AppIcon.icon */ = {isa = PBXFileReference; explicitFileType = folder.iconcomposer.icon; path = AppIcon.icon; sourceTree = "<group>"; };
		A00000000000000000000001 /* AppHistoryPageView.swift */ = {isa = PBXFileReference; lastKnownFileType = sourcecode.swift; path = AppHistoryPageView.swift; sourceTree = "<group>"; };
		A00000000000000000000002 /* Charts.swift */ = {isa = PBXFileReference; lastKnownFileType = sourcecode.swift; path = Charts.swift; sourceTree = "<group>"; };
		A00000000000000000000003 /* DetailsPageView.swift */ = {isa = PBXFileReference; lastKnownFileType = sourcecode.swift; path = DetailsPageView.swift; sourceTree = "<group>"; };
		A00000000000000000000004 /* MacOSTSKMGRApp.swift */ = {isa = PBXFileReference; lastKnownFileType = sourcecode.swift; path = MacOSTSKMGRApp.swift; sourceTree = "<group>"; };
		A00000000000000000000005 /* Models.swift */ = {isa = PBXFileReference; lastKnownFileType = sourcecode.swift; path = Models.swift; sourceTree = "<group>"; };
		A00000000000000000000006 /* PerformancePageView.swift */ = {isa = PBXFileReference; lastKnownFileType = sourcecode.swift; path = PerformancePageView.swift; sourceTree = "<group>"; };
		A00000000000000000000007 /* ProcessesPageView.swift */ = {isa = PBXFileReference; lastKnownFileType = sourcecode.swift; path = ProcessesPageView.swift; sourceTree = "<group>"; };
		A00000000000000000000008 /* RootWindowView.swift */ = {isa = PBXFileReference; lastKnownFileType = sourcecode.swift; path = RootWindowView.swift; sourceTree = "<group>"; };
		A00000000000000000000009 /* ServicesPageView.swift */ = {isa = PBXFileReference; lastKnownFileType = sourcecode.swift; path = ServicesPageView.swift; sourceTree = "<group>"; };
		A0000000000000000000000A /* StartupPageView.swift */ = {isa = PBXFileReference; lastKnownFileType = sourcecode.swift; path = StartupPageView.swift; sourceTree = "<group>"; };
		A0000000000000000000000B /* SystemMonitor.swift */ = {isa = PBXFileReference; lastKnownFileType = sourcecode.swift; path = SystemMonitor.swift; sourceTree = "<group>"; };
		A0000000000000000000000C /* Theme.swift */ = {isa = PBXFileReference; lastKnownFileType = sourcecode.swift; path = Theme.swift; sourceTree = "<group>"; };
		A0000000000000000000000D /* UsersPageView.swift */ = {isa = PBXFileReference; lastKnownFileType = sourcecode.swift; path = UsersPageView.swift; sourceTree = "<group>"; };
		A0000000000000000000000E /* VisualEffects.swift */ = {isa = PBXFileReference; lastKnownFileType = sourcecode.swift; path = VisualEffects.swift; sourceTree = "<group>"; };
		A00000000000000000000020 /* MacOSTSKMGR.app */ = {isa = PBXFileReference; explicitFileType = wrapper.application; includeInIndex = 0; path = MacOSTSKMGR.app; sourceTree = BUILT_PRODUCTS_DIR; };
		A0000000000000000000000F /* MetricTable.swift */ = {isa = PBXFileReference; lastKnownFileType = sourcecode.swift; path = MetricTable.swift; sourceTree = "<group>"; };
		A000000000000000000000D1 /* ProcessContextMenu.swift */ = {isa = PBXFileReference; lastKnownFileType = sourcecode.swift; path = ProcessContextMenu.swift; sourceTree = "<group>"; };
		A000000000000000000000D2 /* RowFormatters.swift */ = {isa = PBXFileReference; lastKnownFileType = sourcecode.swift; path = RowFormatters.swift; sourceTree = "<group>"; };
		A000000000000000000000D3 /* FinderInfo.swift */ = {isa = PBXFileReference; lastKnownFileType = sourcecode.swift; path = FinderInfo.swift; sourceTree = "<group>"; };
		A000000000000000000000D4 /* BatteryProbe.swift */ = {isa = PBXFileReference; lastKnownFileType = sourcecode.swift; path = BatteryProbe.swift; sourceTree = "<group>"; };
		A000000000000000000000D5 /* SearchField.swift */ = {isa = PBXFileReference; lastKnownFileType = sourcecode.swift; path = SearchField.swift; sourceTree = "<group>"; };
/* End PBXFileReference section */

/* Begin PBXFrameworksBuildPhase section */
		A00000000000000000000030 /* Frameworks */ = {
			isa = PBXFrameworksBuildPhase;
			buildActionMask = 2147483647;
			files = (
				B00000000000000000000003 /* MetricsKit in Frameworks */,
			);
			runOnlyForDeploymentPostprocessing = 0;
		};
/* End PBXFrameworksBuildPhase section */

/* Begin PBXGroup section */
		A00000000000000000000040 = {
			isa = PBXGroup;
			children = (
				A00000000000000000000041 /* Sources */,
				A00000000000000000000042 /* Resources */,
				A00000000000000000000043 /* Products */,
			);
			sourceTree = "<group>";
		};
		A00000000000000000000041 /* Sources */ = {
			isa = PBXGroup;
			children = (
				A00000000000000000000044 /* MacOSTSKMGR */,
			);
			path = Sources;
			sourceTree = "<group>";
		};
		A00000000000000000000042 /* Resources */ = {
			isa = PBXGroup;
			path = Resources;
			sourceTree = "<group>";
		};
		A00000000000000000000043 /* Products */ = {
			isa = PBXGroup;
			children = (
				A00000000000000000000020 /* MacOSTSKMGR.app */,
			);
			name = Products;
			sourceTree = "<group>";
		};
		A00000000000000000000044 /* MacOSTSKMGR */ = {
			isa = PBXGroup;
			children = (
				A00000000000000000000072 /* AppIcon.icon */,
				A00000000000000000000001 /* AppHistoryPageView.swift */,
				A00000000000000000000002 /* Charts.swift */,
				A00000000000000000000003 /* DetailsPageView.swift */,
				A00000000000000000000004 /* MacOSTSKMGRApp.swift */,
				A00000000000000000000005 /* Models.swift */,
				A00000000000000000000006 /* PerformancePageView.swift */,
				A00000000000000000000007 /* ProcessesPageView.swift */,
				A00000000000000000000008 /* RootWindowView.swift */,
				A00000000000000000000009 /* ServicesPageView.swift */,
				A0000000000000000000000A /* StartupPageView.swift */,
				A0000000000000000000000B /* SystemMonitor.swift */,
				A0000000000000000000000C /* Theme.swift */,
				A0000000000000000000000D /* UsersPageView.swift */,
				A0000000000000000000000E /* VisualEffects.swift */,
				A0000000000000000000000F /* MetricTable.swift */,
				A000000000000000000000D1 /* ProcessContextMenu.swift */,
				A000000000000000000000D2 /* RowFormatters.swift */,
				A000000000000000000000D3 /* FinderInfo.swift */,
				A000000000000000000000D4 /* BatteryProbe.swift */,
				A000000000000000000000D5 /* SearchField.swift */,
			);
			path = MacOSTSKMGR;
			sourceTree = "<group>";
		};
/* End PBXGroup section */

/* Begin PBXNativeTarget section */
		A00000000000000000000011 /* MacOSTSKMGR */ = {
			isa = PBXNativeTarget;
			buildConfigurationList = A00000000000000000000052 /* Build configuration list for PBXNativeTarget "MacOSTSKMGR" */;
			buildPhases = (
				A00000000000000000000031 /* Sources */,
				A00000000000000000000030 /* Frameworks */,
				A00000000000000000000032 /* Resources */,
			);
			buildRules = (
			);
			dependencies = (
			);
			name = MacOSTSKMGR;
			packageProductDependencies = (
				B00000000000000000000002 /* MetricsKit */,
			);
			productName = MacOSTSKMGR;
			productReference = A00000000000000000000020 /* MacOSTSKMGR.app */;
			productType = "com.apple.product-type.application";
		};
/* End PBXNativeTarget section */

/* Begin PBXProject section */
		A00000000000000000000050 /* Project object */ = {
			isa = PBXProject;
			attributes = {
				BuildIndependentTargetsInParallel = 1;
				LastSwiftUpdateCheck = 2650;
				LastUpgradeCheck = 2650;
				TargetAttributes = {
					A00000000000000000000011 = {
						CreatedOnToolsVersion = 26.5;
					};
				};
			};
			buildConfigurationList = A00000000000000000000051 /* Build configuration list for PBXProject "MacOSTSKMGR" */;
			compatibilityVersion = "Xcode 13.0";
			developmentRegion = en;
			hasScannedForEncodings = 0;
			knownRegions = (
				en,
				Base,
			);
			mainGroup = A00000000000000000000040;
			packageReferences = (
				B00000000000000000000001 /* XCLocalSwiftPackageReference "MetricsKit" */,
			);
			productRefGroup = A00000000000000000000043 /* Products */;
			projectDirPath = "";
			projectRoot = "";
			targets = (
				A00000000000000000000011 /* MacOSTSKMGR */,
			);
		};
/* End PBXProject section */

/* Begin PBXResourcesBuildPhase section */
		A00000000000000000000032 /* Resources */ = {
			isa = PBXResourcesBuildPhase;
			buildActionMask = 2147483647;
			files = (
				A00000000000000000000110 /* AppIcon.icon in Resources */,
			);
			runOnlyForDeploymentPostprocessing = 0;
		};
/* End PBXResourcesBuildPhase section */

/* Begin PBXSourcesBuildPhase section */
		A00000000000000000000031 /* Sources */ = {
			isa = PBXSourcesBuildPhase;
			buildActionMask = 2147483647;
			files = (
				A00000000000000000000101 /* AppHistoryPageView.swift in Sources */,
				A00000000000000000000102 /* Charts.swift in Sources */,
				A00000000000000000000103 /* DetailsPageView.swift in Sources */,
				A00000000000000000000104 /* MacOSTSKMGRApp.swift in Sources */,
				A00000000000000000000105 /* Models.swift in Sources */,
				A00000000000000000000106 /* PerformancePageView.swift in Sources */,
				A00000000000000000000107 /* ProcessesPageView.swift in Sources */,
				A00000000000000000000108 /* RootWindowView.swift in Sources */,
				A00000000000000000000109 /* ServicesPageView.swift in Sources */,
				A0000000000000000000010A /* StartupPageView.swift in Sources */,
				A0000000000000000000010B /* SystemMonitor.swift in Sources */,
				A0000000000000000000010C /* Theme.swift in Sources */,
				A0000000000000000000010D /* UsersPageView.swift in Sources */,
				A0000000000000000000010E /* VisualEffects.swift in Sources */,
				A0000000000000000000010F /* MetricTable.swift in Sources */,
				A000000000000000000001D1 /* ProcessContextMenu.swift in Sources */,
				A000000000000000000001D2 /* RowFormatters.swift in Sources */,
				A000000000000000000001D3 /* FinderInfo.swift in Sources */,
				A000000000000000000001D4 /* BatteryProbe.swift in Sources */,
				A000000000000000000001D5 /* SearchField.swift in Sources */,
			);
			runOnlyForDeploymentPostprocessing = 0;
		};
/* End PBXSourcesBuildPhase section */

/* Begin XCBuildConfiguration section */
		A00000000000000000000060 /* Debug */ = {
			isa = XCBuildConfiguration;
			buildSettings = {
				ALWAYS_SEARCH_USER_PATHS = NO;
				CLANG_ENABLE_MODULES = YES;
				CODE_SIGN_STYLE = Automatic;
				MACOSX_DEPLOYMENT_TARGET = 26.0;
				SDKROOT = macosx;
				SWIFT_VERSION = 6.0;
			};
			name = Debug;
		};
		A00000000000000000000061 /* Release */ = {
			isa = XCBuildConfiguration;
			buildSettings = {
				ALWAYS_SEARCH_USER_PATHS = NO;
				CLANG_ENABLE_MODULES = YES;
				CODE_SIGN_STYLE = Automatic;
				MACOSX_DEPLOYMENT_TARGET = 26.0;
				SDKROOT = macosx;
				SWIFT_VERSION = 6.0;
			};
			name = Release;
		};
		A00000000000000000000062 /* Debug */ = {
			isa = XCBuildConfiguration;
			buildSettings = {
				ASSETCATALOG_COMPILER_APPICON_NAME = AppIcon;
				CLANG_ENABLE_MODULES = YES;
				CODE_SIGN_STYLE = Automatic;
					CURRENT_PROJECT_VERSION = 260630.1;
				GENERATE_INFOPLIST_FILE = NO;
				INFOPLIST_FILE = Sources/MacOSTSKMGR/Info.plist;
				LD_RUNPATH_SEARCH_PATHS = (
					"$(inherited)",
					"@executable_path/../Frameworks",
				);
				MACOSX_DEPLOYMENT_TARGET = 26.0;
				MARKETING_VERSION = 1.0.4;
				PRODUCT_BUNDLE_IDENTIFIER = com.linqin.MacOSTSKMGR;
				PRODUCT_NAME = "$(TARGET_NAME)";
				SDKROOT = macosx;
				SWIFT_EMIT_LOC_STRINGS = YES;
				SWIFT_VERSION = 6.0;
			};
			name = Debug;
		};
		A00000000000000000000063 /* Release */ = {
			isa = XCBuildConfiguration;
			buildSettings = {
				ASSETCATALOG_COMPILER_APPICON_NAME = AppIcon;
				CLANG_ENABLE_MODULES = YES;
				CODE_SIGN_STYLE = Automatic;
					CURRENT_PROJECT_VERSION = 260630.1;
				GENERATE_INFOPLIST_FILE = NO;
				INFOPLIST_FILE = Sources/MacOSTSKMGR/Info.plist;
				LD_RUNPATH_SEARCH_PATHS = (
					"$(inherited)",
					"@executable_path/../Frameworks",
				);
				MACOSX_DEPLOYMENT_TARGET = 26.0;
				MARKETING_VERSION = 1.0.4;
				PRODUCT_BUNDLE_IDENTIFIER = com.linqin.MacOSTSKMGR;
				PRODUCT_NAME = "$(TARGET_NAME)";
				SDKROOT = macosx;
				SWIFT_EMIT_LOC_STRINGS = YES;
				SWIFT_VERSION = 6.0;
			};
			name = Release;
		};
/* End XCBuildConfiguration section */

/* Begin XCConfigurationList section */
		A00000000000000000000051 /* Build configuration list for PBXProject "MacOSTSKMGR" */ = {
			isa = XCConfigurationList;
			buildConfigurations = (
				A00000000000000000000060 /* Debug */,
				A00000000000000000000061 /* Release */,
			);
			defaultConfigurationIsVisible = 0;
			defaultConfigurationName = Release;
		};
		A00000000000000000000052 /* Build configuration list for PBXNativeTarget "MacOSTSKMGR" */ = {
			isa = XCConfigurationList;
			buildConfigurations = (
				A00000000000000000000062 /* Debug */,
				A00000000000000000000063 /* Release */,
			);
			defaultConfigurationIsVisible = 0;
			defaultConfigurationName = Release;
		};
/* End XCConfigurationList section */

/* Begin XCLocalSwiftPackageReference section */
		B00000000000000000000001 /* XCLocalSwiftPackageReference "MetricsKit" */ = {
			isa = XCLocalSwiftPackageReference;
			relativePath = MetricsKit;
		};
/* End XCLocalSwiftPackageReference section */

/* Begin XCSwiftPackageProductDependency section */
		B00000000000000000000002 /* MetricsKit */ = {
			isa = XCSwiftPackageProductDependency;
			productName = MetricsKit;
		};
/* End XCSwiftPackageProductDependency section */
	};
	rootObject = A00000000000000000000050 /* Project object */;
}
